
Microsoft Visual Studio Solution File, Format Version 12.00
# Visual Studio Version 16
VisualStudioVersion = 16.0.30907.101
MinimumVisualStudioVersion = 10.0.40219.1
Project("{9A19103F-16F7-4668-BE54-9A1E7A4F7556}") = "OdysseyServer.Api", "OdysseyServer.Api\OdysseyServer.Api.csproj", "{B07DCCA8-0BB6-4F1F-AC8C-B6CA801C7E05}"
EndProject
Project("{9A19103F-16F7-4668-BE54-9A1E7A4F7556}") = "OdysseyServer.Persistence", "OdysseyServer.Persistence\OdysseyServer.Persistence.csproj", "{09AA9295-853A-40EA-B348-14A26322DDBB}"
EndProject
Project("{9A19103F-16F7-4668-BE54-9A1E7A4F7556}") = "OdysseyServer.Services", "OdysseyServer.Services\OdysseyServer.Services.csproj", "{38C06A0D-3F8C-4E14-95E7-3B58F725997B}"
EndProject
Project("{9A19103F-16F7-4668-BE54-9A1E7A4F7556}") = "OdysseyServer.Admin.Client", "OdysseyServer.Admin.Client\OdysseyServer.Admin.Client.csproj", "{706AE24F-313E-43A2-8540-350C8955BDDC}"
EndProject
Project("{9A19103F-16F7-4668-BE54-9A1E7A4F7556}") = "OdysseyServer.ApiClient", "OdysseyServer.ApiClient\OdysseyServer.ApiClient.csproj", "{207C6E89-CF06-4777-A4A6-B62DE139F1B2}"
EndProject
Global
	GlobalSection(SolutionConfigurationPlatforms) = preSolution
		Debug|Any CPU = Debug|Any CPU
		Release|Any CPU = Release|Any CPU
	EndGlobalSection
	GlobalSection(ProjectConfigurationPlatforms) = postSolution
		{B07DCCA8-0BB6-4F1F-AC8C-B6CA801C7E05}.Debug|Any CPU.ActiveCfg = Debug|Any CPU
		{B07DCCA8-0BB6-4F1F-AC8C-B6CA801C7E05}.Debug|Any CPU.Build.0 = Debug|Any CPU
		{B07DCCA8-0BB6-4F1F-AC8C-B6CA801C7E05}.Release|Any CPU.ActiveCfg = Release|Any CPU
		{B07DCCA8-0BB6-4F1F-AC8C-B6CA801C7E05}.Release|Any CPU.Build.0 = Release|Any CPU
		{09AA9295-853A-40EA-B348-14A26322DDBB}.Debug|Any CPU.ActiveCfg = Debug|Any CPU
		{09AA9295-853A-40EA-B348-14A26322DDBB}.Debug|Any CPU.Build.0 = Debug|Any CPU
		{09AA9295-853A-40EA-B348-14A26322DDBB}.Release|Any CPU.ActiveCfg = Release|Any CPU
		{09AA9295-853A-40EA-B348-14A26322DDBB}.Release|Any CPU.Build.0 = Release|Any CPU
		{38C06A0D-3F8C-4E14-95E7-3B58F725997B}.Debug|Any CPU.ActiveCfg = Debug|Any CPU
		{38C06A0D-3F8C-4E14-95E7-3B58F725997B}.Debug|Any CPU.Build.0 = Debug|Any CPU
		{38C06A0D-3F8C-4E14-95E7-3B58F725997B}.Release|Any CPU.ActiveCfg = Release|Any CPU
		{38C06A0D-3F8C-4E14-95E7-3B58F725997B}.Release|Any CPU.Build.0 = Release|Any CPU
		{706AE24F-313E-43A2-8540-350C8955BDDC}.Debug|Any CPU.ActiveCfg = Debug|Any CPU
		{706AE24F-313E-43A2-8540-350C8955BDDC}.Debug|Any CPU.Build.0 = Debug|Any CPU
		{706AE24F-313E-43A2-8540-350C8955BDDC}.Release|Any CPU.ActiveCfg = Release|Any CPU
		{706AE24F-313E-43A2-8540-350C8955BDDC}.Release|Any CPU.Build.0 = Release|Any CPU
		{207C6E89-CF06-4777-A4A6-B62DE139F1B2}.Debug|Any CPU.ActiveCfg = Debug|Any CPU
		{207C6E89-CF06-4777-A4A6-B62DE139F1B2}.Debug|Any CPU.Build.0 = Debug|Any CPU
		{207C6E89-CF06-4777-A4A6-B62DE139F1B2}.Release|Any CPU.ActiveCfg = Release|Any CPU
		{207C6E89-CF06-4777-A4A6-B62DE139F1B2}.Release|Any CPU.Build.0 = Release|Any CPU
	EndGlobalSection
	GlobalSection(SolutionProperties) = preSolution
		HideSolutionNode = FALSE
	EndGlobalSection
	GlobalSection(ExtensibilityGlobals) = postSolution
		SolutionGuid = {75D58ECE-504B-452F-82E2-E199EF07FDC9}
	EndGlobalSection
EndGlobal
